
Microsoft Visual Studio Solution File, Format Version 12.00
# Visual Studio 14
VisualStudioVersion = 14.0.25420.1
MinimumVisualStudioVersion = 10.0.40219.1
Project("{FAE04EC0-301F-11D3-BF4B-00C04F79EFBC}") = "primjer01", "primjer01\primjer01.csproj", "{5DEFCB17-EC23-4568-A3FE-C7F8829659E7}"
EndProject
Project("{FAE04EC0-301F-11D3-BF4B-00C04F79EFBC}") = "primjer02", "primjer02\primjer02.csproj", "{B802F92C-12D2-4D36-9691-36158B02E641}"
EndProject
Global
	GlobalSection(SolutionConfigurationPlatforms) = preSolution
		Debug|Any CPU = Debug|Any CPU
		Release|Any CPU = Release|Any CPU
	EndGlobalSection
	GlobalSection(ProjectConfigurationPlatforms) = postSolution
		{5DEFCB17-EC23-4568-A3FE-C7F8829659E7}.Debug|Any CPU.ActiveCfg = Debug|Any CPU
		{5DEFCB17-EC23-4568-A3FE-C7F8829659E7}.Debug|Any CPU.Build.0 = Debug|Any CPU
		{5DEFCB17-EC23-4568-A3FE-C7F8829659E7}.Release|Any CPU.ActiveCfg = Release|Any CPU
		{5DEFCB17-EC23-4568-A3FE-C7F8829659E7}.Release|Any CPU.Build.0 = Release|Any CPU
		{B802F92C-12D2-4D36-9691-36158B02E641}.Debug|Any CPU.ActiveCfg = Debug|Any CPU
		{B802F92C-12D2-4D36-9691-36158B02E641}.Debug|Any CPU.Build.0 = Debug|Any CPU
		{B802F92C-12D2-4D36-9691-36158B02E641}.Release|Any CPU.ActiveCfg = Release|Any CPU
		{B802F92C-12D2-4D36-9691-36158B02E641}.Release|Any CPU.Build.0 = Release|Any CPU
	EndGlobalSection
	GlobalSection(SolutionProperties) = preSolution
		HideSolutionNode = FALSE
	EndGlobalSection
EndGlobal
