
Microsoft Visual Studio Solution File, Format Version 12.00
# Visual Studio 2013
VisualStudioVersion = 12.0.40629.0
MinimumVisualStudioVersion = 10.0.40219.1
Project("{FAE04EC0-301F-11D3-BF4B-00C04F79EFBC}") = "IPCS_11-V1", "IPCS_11-V1\IPCS_11-V1.csproj", "{6950C85E-DE5F-4590-9EF6-8CCD4A71CB86}"
EndProject
Global
	GlobalSection(SolutionConfigurationPlatforms) = preSolution
		Debug|Any CPU = Debug|Any CPU
		Release|Any CPU = Release|Any CPU
	EndGlobalSection
	GlobalSection(ProjectConfigurationPlatforms) = postSolution
		{6950C85E-DE5F-4590-9EF6-8CCD4A71CB86}.Debug|Any CPU.ActiveCfg = Debug|Any CPU
		{6950C85E-DE5F-4590-9EF6-8CCD4A71CB86}.Debug|Any CPU.Build.0 = Debug|Any CPU
		{6950C85E-DE5F-4590-9EF6-8CCD4A71CB86}.Release|Any CPU.ActiveCfg = Release|Any CPU
		{6950C85E-DE5F-4590-9EF6-8CCD4A71CB86}.Release|Any CPU.Build.0 = Release|Any CPU
	EndGlobalSection
	GlobalSection(SolutionProperties) = preSolution
		HideSolutionNode = FALSE
	EndGlobalSection
EndGlobal
