
Microsoft Visual Studio Solution File, Format Version 12.00
# Visual Studio 14
VisualStudioVersion = 14.0.25420.1
MinimumVisualStudioVersion = 10.0.40219.1
Project("{FAE04EC0-301F-11D3-BF4B-00C04F79EFBC}") = "primjer01", "primjer01\primjer01.csproj", "{504A25A9-AB99-48F2-9DBD-EEC51066DF90}"
EndProject
Project("{FAE04EC0-301F-11D3-BF4B-00C04F79EFBC}") = "primjer02", "primjer02\primjer02.csproj", "{C24DF298-C3BC-4553-B564-26B89D831F8E}"
EndProject
Project("{FAE04EC0-301F-11D3-BF4B-00C04F79EFBC}") = "primjer03", "primjer03\primjer03.csproj", "{24CC0E95-3BBC-4687-BE87-01319FA4045E}"
EndProject
Project("{FAE04EC0-301F-11D3-BF4B-00C04F79EFBC}") = "primjer04", "primjer04\primjer04.csproj", "{54344161-3030-4524-B7FC-A5040AE6A5C7}"
EndProject
Global
	GlobalSection(SolutionConfigurationPlatforms) = preSolution
		Debug|Any CPU = Debug|Any CPU
		Release|Any CPU = Release|Any CPU
	EndGlobalSection
	GlobalSection(ProjectConfigurationPlatforms) = postSolution
		{504A25A9-AB99-48F2-9DBD-EEC51066DF90}.Debug|Any CPU.ActiveCfg = Debug|Any CPU
		{504A25A9-AB99-48F2-9DBD-EEC51066DF90}.Debug|Any CPU.Build.0 = Debug|Any CPU
		{504A25A9-AB99-48F2-9DBD-EEC51066DF90}.Release|Any CPU.ActiveCfg = Release|Any CPU
		{504A25A9-AB99-48F2-9DBD-EEC51066DF90}.Release|Any CPU.Build.0 = Release|Any CPU
		{C24DF298-C3BC-4553-B564-26B89D831F8E}.Debug|Any CPU.ActiveCfg = Debug|Any CPU
		{C24DF298-C3BC-4553-B564-26B89D831F8E}.Debug|Any CPU.Build.0 = Debug|Any CPU
		{C24DF298-C3BC-4553-B564-26B89D831F8E}.Release|Any CPU.ActiveCfg = Release|Any CPU
		{C24DF298-C3BC-4553-B564-26B89D831F8E}.Release|Any CPU.Build.0 = Release|Any CPU
		{24CC0E95-3BBC-4687-BE87-01319FA4045E}.Debug|Any CPU.ActiveCfg = Debug|Any CPU
		{24CC0E95-3BBC-4687-BE87-01319FA4045E}.Debug|Any CPU.Build.0 = Debug|Any CPU
		{24CC0E95-3BBC-4687-BE87-01319FA4045E}.Release|Any CPU.ActiveCfg = Release|Any CPU
		{24CC0E95-3BBC-4687-BE87-01319FA4045E}.Release|Any CPU.Build.0 = Release|Any CPU
		{54344161-3030-4524-B7FC-A5040AE6A5C7}.Debug|Any CPU.ActiveCfg = Debug|Any CPU
		{54344161-3030-4524-B7FC-A5040AE6A5C7}.Debug|Any CPU.Build.0 = Debug|Any CPU
		{54344161-3030-4524-B7FC-A5040AE6A5C7}.Release|Any CPU.ActiveCfg = Release|Any CPU
		{54344161-3030-4524-B7FC-A5040AE6A5C7}.Release|Any CPU.Build.0 = Release|Any CPU
	EndGlobalSection
	GlobalSection(SolutionProperties) = preSolution
		HideSolutionNode = FALSE
	EndGlobalSection
EndGlobal
