
Microsoft Visual Studio Solution File, Format Version 12.00
# Visual Studio 2013
VisualStudioVersion = 12.0.40629.0
MinimumVisualStudioVersion = 10.0.40219.1
Project("{FAE04EC0-301F-11D3-BF4B-00C04F79EFBC}") = "primjer01", "primjer01\primjer01.csproj", "{B49C856A-4AA9-4EE8-A4EF-0F5C9ACD49BA}"
EndProject
Project("{FAE04EC0-301F-11D3-BF4B-00C04F79EFBC}") = "primjer02", "primjer02\primjer02.csproj", "{DC04ABC4-B3F5-4423-B50B-F58C742058D8}"
EndProject
Project("{FAE04EC0-301F-11D3-BF4B-00C04F79EFBC}") = "primjer03", "primjer03\primjer03.csproj", "{193BCBAA-490C-42B4-AB65-0F8705F8336D}"
EndProject
Project("{FAE04EC0-301F-11D3-BF4B-00C04F79EFBC}") = "vjezba01", "vjezba01\vjezba01.csproj", "{969F5ED8-7DB5-452B-856E-DF2D335CC1AA}"
EndProject
Global
	GlobalSection(SolutionConfigurationPlatforms) = preSolution
		Debug|Any CPU = Debug|Any CPU
		Release|Any CPU = Release|Any CPU
	EndGlobalSection
	GlobalSection(ProjectConfigurationPlatforms) = postSolution
		{B49C856A-4AA9-4EE8-A4EF-0F5C9ACD49BA}.Debug|Any CPU.ActiveCfg = Debug|Any CPU
		{B49C856A-4AA9-4EE8-A4EF-0F5C9ACD49BA}.Debug|Any CPU.Build.0 = Debug|Any CPU
		{B49C856A-4AA9-4EE8-A4EF-0F5C9ACD49BA}.Release|Any CPU.ActiveCfg = Release|Any CPU
		{B49C856A-4AA9-4EE8-A4EF-0F5C9ACD49BA}.Release|Any CPU.Build.0 = Release|Any CPU
		{DC04ABC4-B3F5-4423-B50B-F58C742058D8}.Debug|Any CPU.ActiveCfg = Debug|Any CPU
		{DC04ABC4-B3F5-4423-B50B-F58C742058D8}.Debug|Any CPU.Build.0 = Debug|Any CPU
		{DC04ABC4-B3F5-4423-B50B-F58C742058D8}.Release|Any CPU.ActiveCfg = Release|Any CPU
		{DC04ABC4-B3F5-4423-B50B-F58C742058D8}.Release|Any CPU.Build.0 = Release|Any CPU
		{193BCBAA-490C-42B4-AB65-0F8705F8336D}.Debug|Any CPU.ActiveCfg = Debug|Any CPU
		{193BCBAA-490C-42B4-AB65-0F8705F8336D}.Debug|Any CPU.Build.0 = Debug|Any CPU
		{193BCBAA-490C-42B4-AB65-0F8705F8336D}.Release|Any CPU.ActiveCfg = Release|Any CPU
		{193BCBAA-490C-42B4-AB65-0F8705F8336D}.Release|Any CPU.Build.0 = Release|Any CPU
		{969F5ED8-7DB5-452B-856E-DF2D335CC1AA}.Debug|Any CPU.ActiveCfg = Debug|Any CPU
		{969F5ED8-7DB5-452B-856E-DF2D335CC1AA}.Debug|Any CPU.Build.0 = Debug|Any CPU
		{969F5ED8-7DB5-452B-856E-DF2D335CC1AA}.Release|Any CPU.ActiveCfg = Release|Any CPU
		{969F5ED8-7DB5-452B-856E-DF2D335CC1AA}.Release|Any CPU.Build.0 = Release|Any CPU
	EndGlobalSection
	GlobalSection(SolutionProperties) = preSolution
		HideSolutionNode = FALSE
	EndGlobalSection
EndGlobal
