
Microsoft Visual Studio Solution File, Format Version 12.00
# Visual Studio 2013
VisualStudioVersion = 12.0.40629.0
MinimumVisualStudioVersion = 10.0.40219.1
Project("{FAE04EC0-301F-11D3-BF4B-00C04F79EFBC}") = "IPCS_12-V3", "IPCS_12-V3\IPCS_12-V3.csproj", "{613F38AE-0E87-4BE5-8FBC-922CABE8F287}"
EndProject
Global
	GlobalSection(SolutionConfigurationPlatforms) = preSolution
		Debug|Any CPU = Debug|Any CPU
		Release|Any CPU = Release|Any CPU
	EndGlobalSection
	GlobalSection(ProjectConfigurationPlatforms) = postSolution
		{613F38AE-0E87-4BE5-8FBC-922CABE8F287}.Debug|Any CPU.ActiveCfg = Debug|Any CPU
		{613F38AE-0E87-4BE5-8FBC-922CABE8F287}.Debug|Any CPU.Build.0 = Debug|Any CPU
		{613F38AE-0E87-4BE5-8FBC-922CABE8F287}.Release|Any CPU.ActiveCfg = Release|Any CPU
		{613F38AE-0E87-4BE5-8FBC-922CABE8F287}.Release|Any CPU.Build.0 = Release|Any CPU
	EndGlobalSection
	GlobalSection(SolutionProperties) = preSolution
		HideSolutionNode = FALSE
	EndGlobalSection
EndGlobal
