
Microsoft Visual Studio Solution File, Format Version 12.00
# Visual Studio 14
VisualStudioVersion = 14.0.25420.1
MinimumVisualStudioVersion = 10.0.40219.1
Project("{FAE04EC0-301F-11D3-BF4B-00C04F79EFBC}") = "primjer01", "primjer01\primjer01.csproj", "{D0E39BCA-63E6-462C-AA93-F40E8DCD748A}"
EndProject
Project("{FAE04EC0-301F-11D3-BF4B-00C04F79EFBC}") = "primjer02", "primjer02\primjer02.csproj", "{91F54C86-9D6F-4F39-824E-5745F3D408AE}"
EndProject
Project("{FAE04EC0-301F-11D3-BF4B-00C04F79EFBC}") = "primjer03", "primjer03\primjer03.csproj", "{1E934EE9-5656-46C2-BEF5-D5B310495563}"
EndProject
Project("{FAE04EC0-301F-11D3-BF4B-00C04F79EFBC}") = "primjer04", "primjer04\primjer04.csproj", "{B709B554-74B8-4B28-B7AF-7E57C0DF64C1}"
EndProject
Project("{FAE04EC0-301F-11D3-BF4B-00C04F79EFBC}") = "primjer05", "primjer05\primjer05.csproj", "{FE6E2DCF-7B82-4AF6-ADD1-47052EB388B0}"
EndProject
Project("{FAE04EC0-301F-11D3-BF4B-00C04F79EFBC}") = "vjezba01", "vjezba01\vjezba01.csproj", "{12E55327-2D64-4881-894E-96CBC32E8458}"
EndProject
Global
	GlobalSection(SolutionConfigurationPlatforms) = preSolution
		Debug|Any CPU = Debug|Any CPU
		Release|Any CPU = Release|Any CPU
	EndGlobalSection
	GlobalSection(ProjectConfigurationPlatforms) = postSolution
		{D0E39BCA-63E6-462C-AA93-F40E8DCD748A}.Debug|Any CPU.ActiveCfg = Debug|Any CPU
		{D0E39BCA-63E6-462C-AA93-F40E8DCD748A}.Debug|Any CPU.Build.0 = Debug|Any CPU
		{D0E39BCA-63E6-462C-AA93-F40E8DCD748A}.Release|Any CPU.ActiveCfg = Release|Any CPU
		{D0E39BCA-63E6-462C-AA93-F40E8DCD748A}.Release|Any CPU.Build.0 = Release|Any CPU
		{91F54C86-9D6F-4F39-824E-5745F3D408AE}.Debug|Any CPU.ActiveCfg = Debug|Any CPU
		{91F54C86-9D6F-4F39-824E-5745F3D408AE}.Debug|Any CPU.Build.0 = Debug|Any CPU
		{91F54C86-9D6F-4F39-824E-5745F3D408AE}.Release|Any CPU.ActiveCfg = Release|Any CPU
		{91F54C86-9D6F-4F39-824E-5745F3D408AE}.Release|Any CPU.Build.0 = Release|Any CPU
		{1E934EE9-5656-46C2-BEF5-D5B310495563}.Debug|Any CPU.ActiveCfg = Debug|Any CPU
		{1E934EE9-5656-46C2-BEF5-D5B310495563}.Debug|Any CPU.Build.0 = Debug|Any CPU
		{1E934EE9-5656-46C2-BEF5-D5B310495563}.Release|Any CPU.ActiveCfg = Release|Any CPU
		{1E934EE9-5656-46C2-BEF5-D5B310495563}.Release|Any CPU.Build.0 = Release|Any CPU
		{B709B554-74B8-4B28-B7AF-7E57C0DF64C1}.Debug|Any CPU.ActiveCfg = Debug|Any CPU
		{B709B554-74B8-4B28-B7AF-7E57C0DF64C1}.Debug|Any CPU.Build.0 = Debug|Any CPU
		{B709B554-74B8-4B28-B7AF-7E57C0DF64C1}.Release|Any CPU.ActiveCfg = Release|Any CPU
		{B709B554-74B8-4B28-B7AF-7E57C0DF64C1}.Release|Any CPU.Build.0 = Release|Any CPU
		{FE6E2DCF-7B82-4AF6-ADD1-47052EB388B0}.Debug|Any CPU.ActiveCfg = Debug|Any CPU
		{FE6E2DCF-7B82-4AF6-ADD1-47052EB388B0}.Debug|Any CPU.Build.0 = Debug|Any CPU
		{FE6E2DCF-7B82-4AF6-ADD1-47052EB388B0}.Release|Any CPU.ActiveCfg = Release|Any CPU
		{FE6E2DCF-7B82-4AF6-ADD1-47052EB388B0}.Release|Any CPU.Build.0 = Release|Any CPU
		{12E55327-2D64-4881-894E-96CBC32E8458}.Debug|Any CPU.ActiveCfg = Debug|Any CPU
		{12E55327-2D64-4881-894E-96CBC32E8458}.Debug|Any CPU.Build.0 = Debug|Any CPU
		{12E55327-2D64-4881-894E-96CBC32E8458}.Release|Any CPU.ActiveCfg = Release|Any CPU
		{12E55327-2D64-4881-894E-96CBC32E8458}.Release|Any CPU.Build.0 = Release|Any CPU
	EndGlobalSection
	GlobalSection(SolutionProperties) = preSolution
		HideSolutionNode = FALSE
	EndGlobalSection
EndGlobal
