
Microsoft Visual Studio Solution File, Format Version 12.00
# Visual Studio 14
VisualStudioVersion = 14.0.25420.1
MinimumVisualStudioVersion = 10.0.40219.1
Project("{FAE04EC0-301F-11D3-BF4B-00C04F79EFBC}") = "primjer01", "primjer01\primjer01.csproj", "{D0E39BCA-63E6-462C-AA93-F40E8DCD748A}"
EndProject
Project("{FAE04EC0-301F-11D3-BF4B-00C04F79EFBC}") = "primjer02", "primjer02\primjer02.csproj", "{91F54C86-9D6F-4F39-824E-5745F3D408AE}"
EndProject
Global
	GlobalSection(SolutionConfigurationPlatforms) = preSolution
		Debug|Any CPU = Debug|Any CPU
		Release|Any CPU = Release|Any CPU
	EndGlobalSection
	GlobalSection(ProjectConfigurationPlatforms) = postSolution
		{D0E39BCA-63E6-462C-AA93-F40E8DCD748A}.Debug|Any CPU.ActiveCfg = Debug|Any CPU
		{D0E39BCA-63E6-462C-AA93-F40E8DCD748A}.Debug|Any CPU.Build.0 = Debug|Any CPU
		{D0E39BCA-63E6-462C-AA93-F40E8DCD748A}.Release|Any CPU.ActiveCfg = Release|Any CPU
		{D0E39BCA-63E6-462C-AA93-F40E8DCD748A}.Release|Any CPU.Build.0 = Release|Any CPU
		{91F54C86-9D6F-4F39-824E-5745F3D408AE}.Debug|Any CPU.ActiveCfg = Debug|Any CPU
		{91F54C86-9D6F-4F39-824E-5745F3D408AE}.Debug|Any CPU.Build.0 = Debug|Any CPU
		{91F54C86-9D6F-4F39-824E-5745F3D408AE}.Release|Any CPU.ActiveCfg = Release|Any CPU
		{91F54C86-9D6F-4F39-824E-5745F3D408AE}.Release|Any CPU.Build.0 = Release|Any CPU
	EndGlobalSection
	GlobalSection(SolutionProperties) = preSolution
		HideSolutionNode = FALSE
	EndGlobalSection
EndGlobal
