
Microsoft Visual Studio Solution File, Format Version 12.00
# Visual Studio 2013
VisualStudioVersion = 12.0.40629.0
MinimumVisualStudioVersion = 10.0.40219.1
Project("{FAE04EC0-301F-11D3-BF4B-00C04F79EFBC}") = "primjer01", "primjer01\primjer01.csproj", "{2FBA962F-C778-45CA-BFFA-BA9E2342AC41}"
EndProject
Project("{FAE04EC0-301F-11D3-BF4B-00C04F79EFBC}") = "primjer02", "primjer02\primjer02.csproj", "{D0C0AEB7-9452-4796-BB53-63E8A9ECB347}"
EndProject
Project("{FAE04EC0-301F-11D3-BF4B-00C04F79EFBC}") = "primjer03", "primjer03\primjer03.csproj", "{3A697CAC-906C-475C-84FE-CCF6318BAB0A}"
EndProject
Project("{FAE04EC0-301F-11D3-BF4B-00C04F79EFBC}") = "primjer04", "primjer04\primjer04.csproj", "{5486DD91-CFD2-4D3F-B860-347A1FD01ED7}"
EndProject
Project("{FAE04EC0-301F-11D3-BF4B-00C04F79EFBC}") = "vjezba01", "vjezba01\vjezba01.csproj", "{AA8902C6-E96D-4649-92E0-5268D931293B}"
EndProject
Global
	GlobalSection(SolutionConfigurationPlatforms) = preSolution
		Debug|Any CPU = Debug|Any CPU
		Release|Any CPU = Release|Any CPU
	EndGlobalSection
	GlobalSection(ProjectConfigurationPlatforms) = postSolution
		{2FBA962F-C778-45CA-BFFA-BA9E2342AC41}.Debug|Any CPU.ActiveCfg = Debug|Any CPU
		{2FBA962F-C778-45CA-BFFA-BA9E2342AC41}.Debug|Any CPU.Build.0 = Debug|Any CPU
		{2FBA962F-C778-45CA-BFFA-BA9E2342AC41}.Release|Any CPU.ActiveCfg = Release|Any CPU
		{2FBA962F-C778-45CA-BFFA-BA9E2342AC41}.Release|Any CPU.Build.0 = Release|Any CPU
		{D0C0AEB7-9452-4796-BB53-63E8A9ECB347}.Debug|Any CPU.ActiveCfg = Debug|Any CPU
		{D0C0AEB7-9452-4796-BB53-63E8A9ECB347}.Debug|Any CPU.Build.0 = Debug|Any CPU
		{D0C0AEB7-9452-4796-BB53-63E8A9ECB347}.Release|Any CPU.ActiveCfg = Release|Any CPU
		{D0C0AEB7-9452-4796-BB53-63E8A9ECB347}.Release|Any CPU.Build.0 = Release|Any CPU
		{3A697CAC-906C-475C-84FE-CCF6318BAB0A}.Debug|Any CPU.ActiveCfg = Debug|Any CPU
		{3A697CAC-906C-475C-84FE-CCF6318BAB0A}.Debug|Any CPU.Build.0 = Debug|Any CPU
		{3A697CAC-906C-475C-84FE-CCF6318BAB0A}.Release|Any CPU.ActiveCfg = Release|Any CPU
		{3A697CAC-906C-475C-84FE-CCF6318BAB0A}.Release|Any CPU.Build.0 = Release|Any CPU
		{5486DD91-CFD2-4D3F-B860-347A1FD01ED7}.Debug|Any CPU.ActiveCfg = Debug|Any CPU
		{5486DD91-CFD2-4D3F-B860-347A1FD01ED7}.Debug|Any CPU.Build.0 = Debug|Any CPU
		{5486DD91-CFD2-4D3F-B860-347A1FD01ED7}.Release|Any CPU.ActiveCfg = Release|Any CPU
		{5486DD91-CFD2-4D3F-B860-347A1FD01ED7}.Release|Any CPU.Build.0 = Release|Any CPU
		{AA8902C6-E96D-4649-92E0-5268D931293B}.Debug|Any CPU.ActiveCfg = Debug|Any CPU
		{AA8902C6-E96D-4649-92E0-5268D931293B}.Debug|Any CPU.Build.0 = Debug|Any CPU
		{AA8902C6-E96D-4649-92E0-5268D931293B}.Release|Any CPU.ActiveCfg = Release|Any CPU
		{AA8902C6-E96D-4649-92E0-5268D931293B}.Release|Any CPU.Build.0 = Release|Any CPU
	EndGlobalSection
	GlobalSection(SolutionProperties) = preSolution
		HideSolutionNode = FALSE
	EndGlobalSection
EndGlobal
